# THIS IS AN AUTOGENERATED FILE. DO NOT EDIT THIS FILE DIRECTLY.
# yarn lockfile v1


"@react-native-community/async-storage@^1.10.0":
  version "1.10.0"
  resolved "https://registry.npm.taobao.org/@react-native-community/async-storage/download/@react-native-community/async-storage-1.10.0.tgz#fd6a9737f3c227ef4e28858b8201ad793a022296"
  integrity sha1-/WqXN/PCJ+9OKIWLggGteToCIpY=
  dependencies:
    deep-assign "^3.0.0"

"@types/prop-types@*":
  version "15.7.3"
  resolved "https://registry.npm.taobao.org/@types/prop-types/download/@types/prop-types-15.7.3.tgz?cache=0&sync_timestamp=1588202411715&other_urls=https%3A%2F%2Fregistry.npm.taobao.org%2F%40types%2Fprop-types%2Fdownload%2F%40types%2Fprop-types-15.7.3.tgz#2ab0d5da2e5815f94b0b9d4b95d1e5f243ab2ca7"
  integrity sha1-KrDV2i5YFflLC51LldHl8kOrLKc=

"@types/react-native-vector-icons@^6.4.5":
  version "6.4.5"
  resolved "https://registry.npm.taobao.org/@types/react-native-vector-icons/download/@types/react-native-vector-icons-6.4.5.tgz#74cbfc564bd8435e43ad6728572a0e5b49c335d1"
  integrity sha1-dMv8VkvYQ15DrWcoVyoOW0nDNdE=
  dependencies:
    "@types/react" "*"
    "@types/react-native" "*"

"@types/react-native@*", "@types/react-native@^0.62.7":
  version "0.62.7"
  resolved "https://registry.npm.taobao.org/@types/react-native/download/@types/react-native-0.62.7.tgz#bfc5ed03ba576f288603daa3f67f0f67d9a8bf57"
  integrity sha1-v8XtA7pXbyiGA9qj9n8PZ9mov1c=
  dependencies:
    "@types/react" "*"

"@types/react@*", "@types/react@^16.9.34":
  version "16.9.34"
  resolved "https://registry.npm.taobao.org/@types/react/download/@types/react-16.9.34.tgz?cache=0&other_urls=https%3A%2F%2Fregistry.npm.taobao.org%2F%40types%2Freact%2Fdownload%2F%40types%2Freact-16.9.34.tgz#f7d5e331c468f53affed17a8a4d488cd44ea9349"
  integrity sha1-99XjMcRo9Tr/7ReopNSIzUTqk0k=
  dependencies:
    "@types/prop-types" "*"
    csstype "^2.2.0"

ansi-regex@^4.1.0:
  version "4.1.0"
  resolved "https://registry.npm.taobao.org/ansi-regex/download/ansi-regex-4.1.0.tgz?cache=0&sync_timestamp=1570188663907&other_urls=https%3A%2F%2Fregistry.npm.taobao.org%2Fansi-regex%2Fdownload%2Fansi-regex-4.1.0.tgz#8b9f8f08cf1acb843756a839ca8c7e3168c51997"
  integrity sha1-i5+PCM8ay4Q3Vqg5yox+MWjFGZc=

ansi-styles@^3.2.0:
  version "3.2.1"
  resolved "https://registry.npm.taobao.org/ansi-styles/download/ansi-styles-3.2.1.tgz#41fbb20243e50b12be0f04b8dedbf07520ce841d"
  integrity sha1-QfuyAkPlCxK+DwS43tvwdSDOhB0=
  dependencies:
    color-convert "^1.9.0"

axios@^0.19.2:
  version "0.19.2"
  resolved "https://registry.npm.taobao.org/axios/download/axios-0.19.2.tgz#3ea36c5d8818d0d5f8a8a97a6d36b86cdc00cb27"
  integrity sha1-PqNsXYgY0NX4qKl6bTa4bNwAyyc=
  dependencies:
    follow-redirects "1.5.10"

camelcase@^5.0.0:
  version "5.3.1"
  resolved "https://registry.npm.taobao.org/camelcase/download/camelcase-5.3.1.tgz#e3c9b31569e106811df242f715725a1f4c494320"
  integrity sha1-48mzFWnhBoEd8kL3FXJaH0xJQyA=

cliui@^5.0.0:
  version "5.0.0"
  resolved "https://registry.npm.taobao.org/cliui/download/cliui-5.0.0.tgz?cache=0&sync_timestamp=1573943292170&other_urls=https%3A%2F%2Fregistry.npm.taobao.org%2Fcliui%2Fdownload%2Fcliui-5.0.0.tgz#deefcfdb2e800784aa34f46fa08e06851c7bbbc5"
  integrity sha1-3u/P2y6AB4SqNPRvoI4GhRx7u8U=
  dependencies:
    string-width "^3.1.0"
    strip-ansi "^5.2.0"
    wrap-ansi "^5.1.0"

color-convert@^1.9.0:
  version "1.9.3"
  resolved "https://registry.npm.taobao.org/color-convert/download/color-convert-1.9.3.tgz?cache=0&sync_timestamp=1566248870121&other_urls=https%3A%2F%2Fregistry.npm.taobao.org%2Fcolor-convert%2Fdownload%2Fcolor-convert-1.9.3.tgz#bb71850690e1f136567de629d2d5471deda4c1e8"
  integrity sha1-u3GFBpDh8TZWfeYp0tVHHe2kweg=
  dependencies:
    color-name "1.1.3"

color-name@1.1.3:
  version "1.1.3"
  resolved "https://registry.npm.taobao.org/color-name/download/color-name-1.1.3.tgz#a7d0558bd89c42f795dd42328f740831ca53bc25"
  integrity sha1-p9BVi9icQveV3UIyj3QIMcpTvCU=

crypto-js@^3.1.9-1:
  version "3.3.0"
  resolved "https://registry.npm.taobao.org/crypto-js/download/crypto-js-3.3.0.tgz?cache=0&sync_timestamp=1581509247325&other_urls=https%3A%2F%2Fregistry.npm.taobao.org%2Fcrypto-js%2Fdownload%2Fcrypto-js-3.3.0.tgz#846dd1cce2f68aacfa156c8578f926a609b7976b"
  integrity sha1-hG3RzOL2iqz6FWyFePkmpgm3l2s=

csstype@^2.2.0:
  version "2.6.10"
  resolved "https://registry.npm.taobao.org/csstype/download/csstype-2.6.10.tgz?cache=0&other_urls=https%3A%2F%2Fregistry.npm.taobao.org%2Fcsstype%2Fdownload%2Fcsstype-2.6.10.tgz#e63af50e66d7c266edb6b32909cfd0aabe03928b"
  integrity sha1-5jr1DmbXwmbttrMpCc/Qqr4Dkos=

debug@=3.1.0:
  version "3.1.0"
  resolved "https://registry.npm.taobao.org/debug/download/debug-3.1.0.tgz#5bb5a0672628b64149566ba16819e61518c67261"
  integrity sha1-W7WgZyYotkFJVmuhaBnmFRjGcmE=
  dependencies:
    ms "2.0.0"

decamelize@^1.2.0:
  version "1.2.0"
  resolved "https://registry.npm.taobao.org/decamelize/download/decamelize-1.2.0.tgz#f6534d15148269b20352e7bee26f501f9a191290"
  integrity sha1-9lNNFRSCabIDUue+4m9QH5oZEpA=

deep-assign@^3.0.0:
  version "3.0.0"
  resolved "https://registry.npm.taobao.org/deep-assign/download/deep-assign-3.0.0.tgz#c8e4c4d401cba25550a2f0f486a2e75bc5f219a2"
  integrity sha1-yOTE1AHLolVQovD0hqLnW8XyGaI=
  dependencies:
    is-obj "^1.0.0"

emoji-regex@^7.0.1:
  version "7.0.3"
  resolved "https://registry.npm.taobao.org/emoji-regex/download/emoji-regex-7.0.3.tgz?cache=0&sync_timestamp=1586511397703&other_urls=https%3A%2F%2Fregistry.npm.taobao.org%2Femoji-regex%2Fdownload%2Femoji-regex-7.0.3.tgz#933a04052860c85e83c122479c4748a8e4c72156"
  integrity sha1-kzoEBShgyF6DwSJHnEdIqOTHIVY=

find-up@^3.0.0:
  version "3.0.0"
  resolved "https://registry.npm.taobao.org/find-up/download/find-up-3.0.0.tgz#49169f1d7993430646da61ecc5ae355c21c97b73"
  integrity sha1-SRafHXmTQwZG2mHsxa41XCHJe3M=
  dependencies:
    locate-path "^3.0.0"

follow-redirects@1.5.10:
  version "1.5.10"
  resolved "https://registry.npm.taobao.org/follow-redirects/download/follow-redirects-1.5.10.tgz?cache=0&sync_timestamp=1585479417937&other_urls=https%3A%2F%2Fregistry.npm.taobao.org%2Ffollow-redirects%2Fdownload%2Ffollow-redirects-1.5.10.tgz#7b7a9f9aea2fdff36786a94ff643ed07f4ff5e2a"
  integrity sha1-e3qfmuov3/NnhqlP9kPtB/T/Xio=
  dependencies:
    debug "=3.1.0"

get-caller-file@^2.0.1:
  version "2.0.5"
  resolved "https://registry.npm.taobao.org/get-caller-file/download/get-caller-file-2.0.5.tgz#4f94412a82db32f36e3b0b9741f8a97feb031f7e"
  integrity sha1-T5RBKoLbMvNuOwuXQfipf+sDH34=

is-fullwidth-code-point@^2.0.0:
  version "2.0.0"
  resolved "https://registry.npm.taobao.org/is-fullwidth-code-point/download/is-fullwidth-code-point-2.0.0.tgz#a3b30a5c4f199183167aaab93beefae3ddfb654f"
  integrity sha1-o7MKXE8ZkYMWeqq5O+764937ZU8=

is-obj@^1.0.0:
  version "1.0.1"
  resolved "https://registry.npm.taobao.org/is-obj/download/is-obj-1.0.1.tgz#3e4729ac1f5fde025cd7d83a896dab9f4f67db0f"
  integrity sha1-PkcprB9f3gJc19g6iW2rn09n2w8=

"js-tokens@^3.0.0 || ^4.0.0":
  version "4.0.0"
  resolved "https://registry.npm.taobao.org/js-tokens/download/js-tokens-4.0.0.tgz?cache=0&sync_timestamp=1586796260005&other_urls=https%3A%2F%2Fregistry.npm.taobao.org%2Fjs-tokens%2Fdownload%2Fjs-tokens-4.0.0.tgz#19203fb59991df98e3a287050d4647cdeaf32499"
  integrity sha1-GSA/tZmR35jjoocFDUZHzerzJJk=

locate-path@^3.0.0:
  version "3.0.0"
  resolved "https://registry.npm.taobao.org/locate-path/download/locate-path-3.0.0.tgz#dbec3b3ab759758071b58fe59fc41871af21400e"
  integrity sha1-2+w7OrdZdYBxtY/ln8QYca8hQA4=
  dependencies:
    p-locate "^3.0.0"
    path-exists "^3.0.0"

lodash@^4.0.0:
  version "4.17.21"
  resolved "https://registry.yarnpkg.com/lodash/-/lodash-4.17.21.tgz#679591c564c3bffaae8454cf0b3df370c3d6911c"
  integrity sha512-v2kDEe57lecTulaDIuNTPy3Ry4gLGJ6Z1O3vE1krgXZNrsQ+LFTGHVxVjcXPs17LhbZVGedAJv8XZ1tvj5FvSg==

loose-envify@^1.4.0:
  version "1.4.0"
  resolved "https://registry.npm.taobao.org/loose-envify/download/loose-envify-1.4.0.tgz#71ee51fa7be4caec1a63839f7e682d8132d30caf"
  integrity sha1-ce5R+nvkyuwaY4OffmgtgTLTDK8=
  dependencies:
    js-tokens "^3.0.0 || ^4.0.0"

ms@2.0.0:
  version "2.0.0"
  resolved "https://registry.npm.taobao.org/ms/download/ms-2.0.0.tgz#5608aeadfc00be6c2901df5f9861788de0d597c8"
  integrity sha1-VgiurfwAvmwpAd9fmGF4jeDVl8g=

object-assign@^4.1.1:
  version "4.1.1"
  resolved "https://registry.npm.taobao.org/object-assign/download/object-assign-4.1.1.tgz?cache=0&sync_timestamp=1571657171505&other_urls=https%3A%2F%2Fregistry.npm.taobao.org%2Fobject-assign%2Fdownload%2Fobject-assign-4.1.1.tgz#2109adc7965887cfc05cbbd442cac8bfbb360863"
  integrity sha1-IQmtx5ZYh8/AXLvUQsrIv7s2CGM=

p-limit@^2.0.0:
  version "2.3.0"
  resolved "https://registry.npm.taobao.org/p-limit/download/p-limit-2.3.0.tgz?cache=0&sync_timestamp=1586101408834&other_urls=https%3A%2F%2Fregistry.npm.taobao.org%2Fp-limit%2Fdownload%2Fp-limit-2.3.0.tgz#3dd33c647a214fdfffd835933eb086da0dc21db1"
  integrity sha1-PdM8ZHohT9//2DWTPrCG2g3CHbE=
  dependencies:
    p-try "^2.0.0"

p-locate@^3.0.0:
  version "3.0.0"
  resolved "https://registry.npm.taobao.org/p-locate/download/p-locate-3.0.0.tgz#322d69a05c0264b25997d9f40cd8a891ab0064a4"
  integrity sha1-Mi1poFwCZLJZl9n0DNiokasAZKQ=
  dependencies:
    p-limit "^2.0.0"

p-try@^2.0.0:
  version "2.2.0"
  resolved "https://registry.npm.taobao.org/p-try/download/p-try-2.2.0.tgz#cb2868540e313d61de58fafbe35ce9004d5540e6"
  integrity sha1-yyhoVA4xPWHeWPr741zpAE1VQOY=

path-exists@^3.0.0:
  version "3.0.0"
  resolved "https://registry.npm.taobao.org/path-exists/download/path-exists-3.0.0.tgz#ce0ebeaa5f78cb18925ea7d810d7b59b010fd515"
  integrity sha1-zg6+ql94yxiSXqfYENe1mwEP1RU=

prop-types@^15.6.2:
  version "15.7.2"
  resolved "https://registry.npm.taobao.org/prop-types/download/prop-types-15.7.2.tgz#52c41e75b8c87e72b9d9360e0206b99dcbffa6c5"
  integrity sha1-UsQedbjIfnK52TYOAga5ncv/psU=
  dependencies:
    loose-envify "^1.4.0"
    object-assign "^4.1.1"
    react-is "^16.8.1"

react-is@^16.8.1:
  version "16.13.1"
  resolved "https://registry.npm.taobao.org/react-is/download/react-is-16.13.1.tgz#789729a4dc36de2999dc156dd6c1d9c18cea56a4"
  integrity sha1-eJcppNw23imZ3BVt1sHZwYzqVqQ=

react-native-img-cache@^1.6.0:
  version "1.6.0"
  resolved "https://registry.npm.taobao.org/react-native-img-cache/download/react-native-img-cache-1.6.0.tgz#79635bd249146f4973629d53047edac05d6f9533"
  integrity sha1-eWNb0kkUb0lzYp1TBH7awF1vlTM=
  dependencies:
    crypto-js "^3.1.9-1"

react-native-iphone-x-helper@^1.2.1:
  version "1.2.1"
  resolved "https://registry.npm.taobao.org/react-native-iphone-x-helper/download/react-native-iphone-x-helper-1.2.1.tgz#645e2ffbbb49e80844bb4cbbe34a126fda1e6772"
  integrity sha1-ZF4v+7tJ6AhEu0y740oSb9oeZ3I=

react-native-vector-icons@^6.6.0:
  version "6.6.0"
  resolved "https://registry.npm.taobao.org/react-native-vector-icons/download/react-native-vector-icons-6.6.0.tgz#66cf004918eb05d90778d64bd42077c1800d481b"
  integrity sha1-Zs8ASRjrBdkHeNZL1CB3wYANSBs=
  dependencies:
    lodash "^4.0.0"
    prop-types "^15.6.2"
    yargs "^13.2.2"

require-directory@^2.1.1:
  version "2.1.1"
  resolved "https://registry.npm.taobao.org/require-directory/download/require-directory-2.1.1.tgz#8c64ad5fd30dab1c976e2344ffe7f792a6a6df42"
  integrity sha1-jGStX9MNqxyXbiNE/+f3kqam30I=

require-main-filename@^2.0.0:
  version "2.0.0"
  resolved "https://registry.npm.taobao.org/require-main-filename/download/require-main-filename-2.0.0.tgz#d0b329ecc7cc0f61649f62215be69af54aa8989b"
  integrity sha1-0LMp7MfMD2Fkn2IhW+aa9UqomJs=

set-blocking@^2.0.0:
  version "2.0.0"
  resolved "https://registry.npm.taobao.org/set-blocking/download/set-blocking-2.0.0.tgz#045f9782d011ae9a6803ddd382b24392b3d890f7"
  integrity sha1-BF+XgtARrppoA93TgrJDkrPYkPc=

string-width@^3.0.0, string-width@^3.1.0:
  version "3.1.0"
  resolved "https://registry.npm.taobao.org/string-width/download/string-width-3.1.0.tgz#22767be21b62af1081574306f69ac51b62203961"
  integrity sha1-InZ74htirxCBV0MG9prFG2IgOWE=
  dependencies:
    emoji-regex "^7.0.1"
    is-fullwidth-code-point "^2.0.0"
    strip-ansi "^5.1.0"

strip-ansi@^5.0.0, strip-ansi@^5.1.0, strip-ansi@^5.2.0:
  version "5.2.0"
  resolved "https://registry.npm.taobao.org/strip-ansi/download/strip-ansi-5.2.0.tgz?cache=0&sync_timestamp=1573280518303&other_urls=https%3A%2F%2Fregistry.npm.taobao.org%2Fstrip-ansi%2Fdownload%2Fstrip-ansi-5.2.0.tgz#8c9a536feb6afc962bdfa5b104a5091c1ad9c0ae"
  integrity sha1-jJpTb+tq/JYr36WxBKUJHBrZwK4=
  dependencies:
    ansi-regex "^4.1.0"

typescript@^3.8.3:
  version "3.8.3"
  resolved "https://registry.npm.taobao.org/typescript/download/typescript-3.8.3.tgz#409eb8544ea0335711205869ec458ab109ee1061"
  integrity sha1-QJ64VE6gM1cRIFhp7EWKsQnuEGE=

which-module@^2.0.0:
  version "2.0.0"
  resolved "https://registry.npm.taobao.org/which-module/download/which-module-2.0.0.tgz#d9ef07dce77b9902b8a3a8fa4b31c3e3f7e6e87a"
  integrity sha1-2e8H3Od7mQK4o6j6SzHD4/fm6Ho=

wrap-ansi@^5.1.0:
  version "5.1.0"
  resolved "https://registry.npm.taobao.org/wrap-ansi/download/wrap-ansi-5.1.0.tgz#1fd1f67235d5b6d0fee781056001bfb694c03b09"
  integrity sha1-H9H2cjXVttD+54EFYAG/tpTAOwk=
  dependencies:
    ansi-styles "^3.2.0"
    string-width "^3.0.0"
    strip-ansi "^5.0.0"

y18n@^4.0.0:
  version "4.0.0"
  resolved "https://registry.npm.taobao.org/y18n/download/y18n-4.0.0.tgz#95ef94f85ecc81d007c264e190a120f0a3c8566b"
  integrity sha1-le+U+F7MgdAHwmThkKEg8KPIVms=

yargs-parser@^13.1.2:
  version "13.1.2"
  resolved "https://registry.npm.taobao.org/yargs-parser/download/yargs-parser-13.1.2.tgz#130f09702ebaeef2650d54ce6e3e5706f7a4fb38"
  integrity sha1-Ew8JcC667vJlDVTObj5XBvek+zg=
  dependencies:
    camelcase "^5.0.0"
    decamelize "^1.2.0"

yargs@^13.2.2:
  version "13.3.2"
  resolved "https://registry.npm.taobao.org/yargs/download/yargs-13.3.2.tgz#ad7ffefec1aa59565ac915f82dccb38a9c31a2dd"
  integrity sha1-rX/+/sGqWVZayRX4Lcyzipwxot0=
  dependencies:
    cliui "^5.0.0"
    find-up "^3.0.0"
    get-caller-file "^2.0.1"
    require-directory "^2.1.1"
    require-main-filename "^2.0.0"
    set-blocking "^2.0.0"
    string-width "^3.0.0"
    which-module "^2.0.0"
    y18n "^4.0.0"
    yargs-parser "^13.1.2"
