# THIS IS AN AUTOGENERATED FILE. DO NOT EDIT THIS FILE DIRECTLY.
# yarn lockfile v1


"@react-navigation/core@^5.5.2":
  version "5.5.2"
  resolved "https://registry.npm.taobao.org/@react-navigation/core/download/@react-navigation/core-5.5.2.tgz#14e844287225fe7a41b471262f282ecd2d0404ea"
  integrity sha1-FOhEKHIl/npBtHEmLyguzS0EBOo=
  dependencies:
    "@react-navigation/routers" "^5.4.4"
    escape-string-regexp "^4.0.0"
    nanoid "^3.1.5"
    query-string "^6.12.1"
    react-is "^16.13.0"
    use-subscription "^1.4.0"

"@react-navigation/native@^5.2.6":
  version "5.2.6"
  resolved "https://registry.npm.taobao.org/@react-navigation/native/download/@react-navigation/native-5.2.6.tgz#e17f89a1939b8f2bebcc0e8a87dfe68ff3a9c995"
  integrity sha1-4X+JoZObjyvrzA6Kh9/mj/OpyZU=
  dependencies:
    "@react-navigation/core" "^5.5.2"

"@react-navigation/routers@^5.4.4":
  version "5.4.4"
  resolved "https://registry.npm.taobao.org/@react-navigation/routers/download/@react-navigation/routers-5.4.4.tgz#3b5e1a55edb73a506a82db59081ad434c0ce1aab"
  integrity sha1-O14aVe23OlBqgttZCBrUNMDOGqs=
  dependencies:
    nanoid "^3.1.5"

"@types/prop-types@*":
  version "15.7.3"
  resolved "https://registry.npm.taobao.org/@types/prop-types/download/@types/prop-types-15.7.3.tgz?cache=0&sync_timestamp=1588202411715&other_urls=https%3A%2F%2Fregistry.npm.taobao.org%2F%40types%2Fprop-types%2Fdownload%2F%40types%2Fprop-types-15.7.3.tgz#2ab0d5da2e5815f94b0b9d4b95d1e5f243ab2ca7"
  integrity sha1-KrDV2i5YFflLC51LldHl8kOrLKc=

"@types/react-native@^0.62.7":
  version "0.62.7"
  resolved "https://registry.npm.taobao.org/@types/react-native/download/@types/react-native-0.62.7.tgz#bfc5ed03ba576f288603daa3f67f0f67d9a8bf57"
  integrity sha1-v8XtA7pXbyiGA9qj9n8PZ9mov1c=
  dependencies:
    "@types/react" "*"

"@types/react@*", "@types/react@^16.9.34":
  version "16.9.34"
  resolved "https://registry.npm.taobao.org/@types/react/download/@types/react-16.9.34.tgz?cache=0&other_urls=https%3A%2F%2Fregistry.npm.taobao.org%2F%40types%2Freact%2Fdownload%2F%40types%2Freact-16.9.34.tgz#f7d5e331c468f53affed17a8a4d488cd44ea9349"
  integrity sha1-99XjMcRo9Tr/7ReopNSIzUTqk0k=
  dependencies:
    "@types/prop-types" "*"
    csstype "^2.2.0"

csstype@^2.2.0:
  version "2.6.10"
  resolved "https://registry.npm.taobao.org/csstype/download/csstype-2.6.10.tgz?cache=0&other_urls=https%3A%2F%2Fregistry.npm.taobao.org%2Fcsstype%2Fdownload%2Fcsstype-2.6.10.tgz#e63af50e66d7c266edb6b32909cfd0aabe03928b"
  integrity sha1-5jr1DmbXwmbttrMpCc/Qqr4Dkos=

decode-uri-component@^0.2.0:
  version "0.2.0"
  resolved "https://registry.npm.taobao.org/decode-uri-component/download/decode-uri-component-0.2.0.tgz#eb3913333458775cb84cd1a1fae062106bb87545"
  integrity sha1-6zkTMzRYd1y4TNGh+uBiEGu4dUU=

escape-string-regexp@^4.0.0:
  version "4.0.0"
  resolved "https://registry.npm.taobao.org/escape-string-regexp/download/escape-string-regexp-4.0.0.tgz#14ba83a5d373e3d311e5afca29cf5bfad965bf34"
  integrity sha1-FLqDpdNz49MR5a/KKc9b+tllvzQ=

nanoid@^3.1.5:
  version "3.1.6"
  resolved "https://registry.npm.taobao.org/nanoid/download/nanoid-3.1.6.tgz#f591cc886c14e5b2c4da753db0ac547fac1fee6a"
  integrity sha1-9ZHMiGwU5bLE2nU9sKxUf6wf7mo=

object-assign@^4.1.1:
  version "4.1.1"
  resolved "https://registry.npm.taobao.org/object-assign/download/object-assign-4.1.1.tgz?cache=0&sync_timestamp=1571657171505&other_urls=https%3A%2F%2Fregistry.npm.taobao.org%2Fobject-assign%2Fdownload%2Fobject-assign-4.1.1.tgz#2109adc7965887cfc05cbbd442cac8bfbb360863"
  integrity sha1-IQmtx5ZYh8/AXLvUQsrIv7s2CGM=

query-string@^6.12.1:
  version "6.12.1"
  resolved "https://registry.npm.taobao.org/query-string/download/query-string-6.12.1.tgz#2ae4d272db4fba267141665374e49a1de09e8a7c"
  integrity sha1-KuTScttPuiZxQWZTdOSaHeCeinw=
  dependencies:
    decode-uri-component "^0.2.0"
    split-on-first "^1.0.0"
    strict-uri-encode "^2.0.0"

react-is@^16.13.0:
  version "16.13.1"
  resolved "https://registry.npm.taobao.org/react-is/download/react-is-16.13.1.tgz#789729a4dc36de2999dc156dd6c1d9c18cea56a4"
  integrity sha1-eJcppNw23imZ3BVt1sHZwYzqVqQ=

react-native-device-info@^5.5.7:
  version "5.5.7"
  resolved "https://registry.npm.taobao.org/react-native-device-info/download/react-native-device-info-5.5.7.tgz#aafe2581a702637a66fc04f333052980a4f9e8c5"
  integrity sha1-qv4lgacCY3pm/ATzMwUpgKT56MU=

react-native-iphone-x-helper@^1.2.1:
  version "1.2.1"
  resolved "https://registry.npm.taobao.org/react-native-iphone-x-helper/download/react-native-iphone-x-helper-1.2.1.tgz#645e2ffbbb49e80844bb4cbbe34a126fda1e6772"
  integrity sha1-ZF4v+7tJ6AhEu0y740oSb9oeZ3I=

split-on-first@^1.0.0:
  version "1.1.0"
  resolved "https://registry.npm.taobao.org/split-on-first/download/split-on-first-1.1.0.tgz?cache=0&sync_timestamp=1573659333652&other_urls=https%3A%2F%2Fregistry.npm.taobao.org%2Fsplit-on-first%2Fdownload%2Fsplit-on-first-1.1.0.tgz#f610afeee3b12bce1d0c30425e76398b78249a5f"
  integrity sha1-9hCv7uOxK84dDDBCXnY5i3gkml8=

strict-uri-encode@^2.0.0:
  version "2.0.0"
  resolved "https://registry.npm.taobao.org/strict-uri-encode/download/strict-uri-encode-2.0.0.tgz#b9c7330c7042862f6b142dc274bbcc5866ce3546"
  integrity sha1-ucczDHBChi9rFC3CdLvMWGbONUY=

typescript@^3.8.3:
  version "3.8.3"
  resolved "https://registry.npm.taobao.org/typescript/download/typescript-3.8.3.tgz#409eb8544ea0335711205869ec458ab109ee1061"
  integrity sha1-QJ64VE6gM1cRIFhp7EWKsQnuEGE=

use-subscription@^1.4.0:
  version "1.4.1"
  resolved "https://registry.npm.taobao.org/use-subscription/download/use-subscription-1.4.1.tgz#edcbcc220f1adb2dd4fa0b2f61b6cc308e620069"
  integrity sha1-7cvMIg8a2y3U+gsvYbbMMI5iAGk=
  dependencies:
    object-assign "^4.1.1"
